
Microsoft Visual Studio Solution File, Format Version 12.00
# Visual Studio Version 17
VisualStudioVersion = 17.4.33213.308
MinimumVisualStudioVersion = 10.0.40219.1
Project("{FAE04EC0-301F-11D3-BF4B-00C04F79EFBC}") = "MisReportApp", "MisReportApp\MisReportApp.csproj", "{D19EAD0D-BF36-4C34-9767-8C4643362FA7}"
EndProject
Project("{FAE04EC0-301F-11D3-BF4B-00C04F79EFBC}") = "DataModule", "DataModule\DataModule.csproj", "{1967472A-A255-4F8C-AC18-6CBBAEED8E21}"
EndProject
Project("{FAE04EC0-301F-11D3-BF4B-00C04F79EFBC}") = "Share", "Share\Share.csproj", "{48CADE40-87C0-44FD-9817-4C873875AA8A}"
EndProject
Global
	GlobalSection(SolutionConfigurationPlatforms) = preSolution
		Debug|Any CPU = Debug|Any CPU
		Release|Any CPU = Release|Any CPU
	EndGlobalSection
	GlobalSection(ProjectConfigurationPlatforms) = postSolution
		{D19EAD0D-BF36-4C34-9767-8C4643362FA7}.Debug|Any CPU.ActiveCfg = Debug|Any CPU
		{D19EAD0D-BF36-4C34-9767-8C4643362FA7}.Debug|Any CPU.Build.0 = Debug|Any CPU
		{D19EAD0D-BF36-4C34-9767-8C4643362FA7}.Release|Any CPU.ActiveCfg = Release|Any CPU
		{D19EAD0D-BF36-4C34-9767-8C4643362FA7}.Release|Any CPU.Build.0 = Release|Any CPU
		{1967472A-A255-4F8C-AC18-6CBBAEED8E21}.Debug|Any CPU.ActiveCfg = Debug|Any CPU
		{1967472A-A255-4F8C-AC18-6CBBAEED8E21}.Debug|Any CPU.Build.0 = Debug|Any CPU
		{1967472A-A255-4F8C-AC18-6CBBAEED8E21}.Release|Any CPU.ActiveCfg = Release|Any CPU
		{1967472A-A255-4F8C-AC18-6CBBAEED8E21}.Release|Any CPU.Build.0 = Release|Any CPU
		{48CADE40-87C0-44FD-9817-4C873875AA8A}.Debug|Any CPU.ActiveCfg = Debug|Any CPU
		{48CADE40-87C0-44FD-9817-4C873875AA8A}.Debug|Any CPU.Build.0 = Debug|Any CPU
		{48CADE40-87C0-44FD-9817-4C873875AA8A}.Release|Any CPU.ActiveCfg = Release|Any CPU
		{48CADE40-87C0-44FD-9817-4C873875AA8A}.Release|Any CPU.Build.0 = Release|Any CPU
	EndGlobalSection
	GlobalSection(SolutionProperties) = preSolution
		HideSolutionNode = FALSE
	EndGlobalSection
	GlobalSection(ExtensibilityGlobals) = postSolution
		SolutionGuid = {63104152-F3A0-45E2-81F4-D4BFE4707587}
	EndGlobalSection
EndGlobal
